// !$*UTF8*$!
{
	archiveVersion = 1;
	classes = {
	};
	objectVersion = 50;
	objects = {

/* Begin PBXBuildFile section */
		6529CDA720E9EF9300D84C16 /* Alert.swift in Sources */ = {isa = PBXBuildFile; fileRef = 6529CDA620E9EF9300D84C16 /* Alert.swift */; };
		6529CDAA20EA10C700D84C16 /* screenshot.png in Resources */ = {isa = PBXBuildFile; fileRef = 6529CDA920EA10C600D84C16 /* screenshot.png */; };
		65D8EA8A20E9B93900C47475 /* AppDelegate.swift in Sources */ = {isa = PBXBuildFile; fileRef = 65D8EA8920E9B93900C47475 /* AppDelegate.swift */; };
		65D8EA8C20E9B93900C47475 /* ViewController.swift in Sources */ = {isa = PBXBuildFile; fileRef = 65D8EA8B20E9B93900C47475 /* ViewController.swift */; };
		65D8EA8E20E9B93A00C47475 /* Assets.xcassets in Resources */ = {isa = PBXBuildFile; fileRef = 65D8EA8D20E9B93A00C47475 /* Assets.xcassets */; };
		65D8EA9120E9B93A00C47475 /* Main.storyboard in Resources */ = {isa = PBXBuildFile; fileRef = 65D8EA8F20E9B93A00C47475 /* Main.storyboard */; };
		65D8EA9A20E9B9C000C47475 /* FileDragView.swift in Sources */ = {isa = PBXBuildFile; fileRef = 65D8EA9920E9B9C000C47475 /* FileDragView.swift */; };
		65EEBE5520E9D75A0040DF58 /* WindowController.swift in Sources */ = {isa = PBXBuildFile; fileRef = 65EEBE5420E9D75A0040DF58 /* WindowController.swift */; };
/* End PBXBuildFile section */

/* Begin PBXFileReference section */
		6529CDA620E9EF9300D84C16 /* Alert.swift */ = {isa = PBXFileReference; lastKnownFileType = sourcecode.swift; path = Alert.swift; sourceTree = "<group>"; };
		6529CDA820EA05A600D84C16 /* README.md */ = {isa = PBXFileReference; lastKnownFileType = net.daringfireball.markdown; path = README.md; sourceTree = "<group>"; };
		6529CDA920EA10C600D84C16 /* screenshot.png */ = {isa = PBXFileReference; lastKnownFileType = image.png; path = screenshot.png; sourceTree = "<group>"; };
		65D8EA8620E9B93900C47475 /* mpv-Drag-and-Drop.app */ = {isa = PBXFileReference; explicitFileType = wrapper.application; includeInIndex = 0; path = "mpv-Drag-and-Drop.app"; sourceTree = BUILT_PRODUCTS_DIR; };
		65D8EA8920E9B93900C47475 /* AppDelegate.swift */ = {isa = PBXFileReference; lastKnownFileType = sourcecode.swift; path = AppDelegate.swift; sourceTree = "<group>"; };
		65D8EA8B20E9B93900C47475 /* ViewController.swift */ = {isa = PBXFileReference; lastKnownFileType = sourcecode.swift; path = ViewController.swift; sourceTree = "<group>"; };
		65D8EA8D20E9B93A00C47475 /* Assets.xcassets */ = {isa = PBXFileReference; lastKnownFileType = folder.assetcatalog; path = Assets.xcassets; sourceTree = "<group>"; };
		65D8EA9020E9B93A00C47475 /* Base */ = {isa = PBXFileReference; lastKnownFileType = file.storyboard; name = Base; path = Base.lproj/Main.storyboard; sourceTree = "<group>"; };
		65D8EA9220E9B93A00C47475 /* Info.plist */ = {isa = PBXFileReference; lastKnownFileType = text.plist.xml; path = Info.plist; sourceTree = "<group>"; };
		65D8EA9920E9B9C000C47475 /* FileDragView.swift */ = {isa = PBXFileReference; lastKnownFileType = sourcecode.swift; path = FileDragView.swift; sourceTree = "<group>"; };
		65EEBE5420E9D75A0040DF58 /* WindowController.swift */ = {isa = PBXFileReference; lastKnownFileType = sourcecode.swift; path = WindowController.swift; sourceTree = "<group>"; };
/* End PBXFileReference section */

/* Begin PBXFrameworksBuildPhase section */
		65D8EA8320E9B93900C47475 /* Frameworks */ = {
			isa = PBXFrameworksBuildPhase;
			buildActionMask = 2147483647;
			files = (
			);
			runOnlyForDeploymentPostprocessing = 0;
		};
/* End PBXFrameworksBuildPhase section */

/* Begin PBXGroup section */
		65D8EA7D20E9B93900C47475 = {
			isa = PBXGroup;
			children = (
				65D8EA8820E9B93900C47475 /* mpv-Drag-and-Drop */,
				65D8EA8720E9B93900C47475 /* Products */,
			);
			sourceTree = "<group>";
		};
		65D8EA8720E9B93900C47475 /* Products */ = {
			isa = PBXGroup;
			children = (
				65D8EA8620E9B93900C47475 /* mpv-Drag-and-Drop.app */,
			);
			name = Products;
			sourceTree = "<group>";
		};
		65D8EA8820E9B93900C47475 /* mpv-Drag-and-Drop */ = {
			isa = PBXGroup;
			children = (
				65D8EA9220E9B93A00C47475 /* Info.plist */,
				6529CDA620E9EF9300D84C16 /* Alert.swift */,
				65D8EA8920E9B93900C47475 /* AppDelegate.swift */,
				65D8EA9920E9B9C000C47475 /* FileDragView.swift */,
				65D8EA8B20E9B93900C47475 /* ViewController.swift */,
				65EEBE5420E9D75A0040DF58 /* WindowController.swift */,
				65D8EA8D20E9B93A00C47475 /* Assets.xcassets */,
				65D8EA8F20E9B93A00C47475 /* Main.storyboard */,
				6529CDA820EA05A600D84C16 /* README.md */,
				6529CDA920EA10C600D84C16 /* screenshot.png */,
			);
			path = "mpv-Drag-and-Drop";
			sourceTree = "<group>";
		};
/* End PBXGroup section */

/* Begin PBXNativeTarget section */
		65D8EA8520E9B93900C47475 /* mpv-Drag-and-Drop */ = {
			isa = PBXNativeTarget;
			buildConfigurationList = 65D8EA9620E9B93A00C47475 /* Build configuration list for PBXNativeTarget "mpv-Drag-and-Drop" */;
			buildPhases = (
				65D8EA8220E9B93900C47475 /* Sources */,
				65D8EA8320E9B93900C47475 /* Frameworks */,
				65D8EA8420E9B93900C47475 /* Resources */,
			);
			buildRules = (
			);
			dependencies = (
			);
			name = "mpv-Drag-and-Drop";
			productName = "mpv-Drag-and-Drop";
			productReference = 65D8EA8620E9B93900C47475 /* mpv-Drag-and-Drop.app */;
			productType = "com.apple.product-type.application";
		};
/* End PBXNativeTarget section */

/* Begin PBXProject section */
		65D8EA7E20E9B93900C47475 /* Project object */ = {
			isa = PBXProject;
			attributes = {
				LastSwiftUpdateCheck = 1000;
				LastUpgradeCheck = 1000;
				ORGANIZATIONNAME = THotaru;
				TargetAttributes = {
					65D8EA8520E9B93900C47475 = {
						CreatedOnToolsVersion = 10.0;
						SystemCapabilities = {
							com.apple.Sandbox = {
								enabled = 0;
							};
						};
					};
				};
			};
			buildConfigurationList = 65D8EA8120E9B93900C47475 /* Build configuration list for PBXProject "mpv-Drag-and-Drop" */;
			compatibilityVersion = "Xcode 9.3";
			developmentRegion = en;
			hasScannedForEncodings = 0;
			knownRegions = (
				en,
				Base,
			);
			mainGroup = 65D8EA7D20E9B93900C47475;
			productRefGroup = 65D8EA8720E9B93900C47475 /* Products */;
			projectDirPath = "";
			projectRoot = "";
			targets = (
				65D8EA8520E9B93900C47475 /* mpv-Drag-and-Drop */,
			);
		};
/* End PBXProject section */

/* Begin PBXResourcesBuildPhase section */
		65D8EA8420E9B93900C47475 /* Resources */ = {
			isa = PBXResourcesBuildPhase;
			buildActionMask = 2147483647;
			files = (
				65D8EA8E20E9B93A00C47475 /* Assets.xcassets in Resources */,
				6529CDAA20EA10C700D84C16 /* screenshot.png in Resources */,
				65D8EA9120E9B93A00C47475 /* Main.storyboard in Resources */,
			);
			runOnlyForDeploymentPostprocessing = 0;
		};
/* End PBXResourcesBuildPhase section */

/* Begin PBXSourcesBuildPhase section */
		65D8EA8220E9B93900C47475 /* Sources */ = {
			isa = PBXSourcesBuildPhase;
			buildActionMask = 2147483647;
			files = (
				65D8EA9A20E9B9C000C47475 /* FileDragView.swift in Sources */,
				65EEBE5520E9D75A0040DF58 /* WindowController.swift in Sources */,
				65D8EA8C20E9B93900C47475 /* ViewController.swift in Sources */,
				6529CDA720E9EF9300D84C16 /* Alert.swift in Sources */,
				65D8EA8A20E9B93900C47475 /* AppDelegate.swift in Sources */,
			);
			runOnlyForDeploymentPostprocessing = 0;
		};
/* End PBXSourcesBuildPhase section */

/* Begin PBXVariantGroup section */
		65D8EA8F20E9B93A00C47475 /* Main.storyboard */ = {
			isa = PBXVariantGroup;
			children = (
				65D8EA9020E9B93A00C47475 /* Base */,
			);
			name = Main.storyboard;
			sourceTree = "<group>";
		};
/* End PBXVariantGroup section */

/* Begin XCBuildConfiguration section */
		65D8EA9420E9B93A00C47475 /* Debug */ = {
			isa = XCBuildConfiguration;
			buildSettings = {
				ALWAYS_SEARCH_USER_PATHS = NO;
				CLANG_ANALYZER_NONNULL = YES;
				CLANG_ANALYZER_NUMBER_OBJECT_CONVERSION = YES_AGGRESSIVE;
				CLANG_CXX_LANGUAGE_STANDARD = "gnu++14";
				CLANG_CXX_LIBRARY = "libc++";
				CLANG_ENABLE_MODULES = YES;
				CLANG_ENABLE_OBJC_ARC = YES;
				CLANG_ENABLE_OBJC_WEAK = YES;
				CLANG_WARN_BLOCK_CAPTURE_AUTORELEASING = YES;
				CLANG_WARN_BOOL_CONVERSION = YES;
				CLANG_WARN_COMMA = YES;
				CLANG_WARN_CONSTANT_CONVERSION = YES;
				CLANG_WARN_DEPRECATED_OBJC_IMPLEMENTATIONS = YES;
				CLANG_WARN_DIRECT_OBJC_ISA_USAGE = YES_ERROR;
				CLANG_WARN_DOCUMENTATION_COMMENTS = YES;
				CLANG_WARN_EMPTY_BODY = YES;
				CLANG_WARN_ENUM_CONVERSION = YES;
				CLANG_WARN_INFINITE_RECURSION = YES;
				CLANG_WARN_INT_CONVERSION = YES;
				CLANG_WARN_NON_LITERAL_NULL_CONVERSION = YES;
				CLANG_WARN_OBJC_IMPLICIT_RETAIN_SELF = YES;
				CLANG_WARN_OBJC_LITERAL_CONVERSION = YES;
				CLANG_WARN_OBJC_ROOT_CLASS = YES_ERROR;
				CLANG_WARN_RANGE_LOOP_ANALYSIS = YES;
				CLANG_WARN_STRICT_PROTOTYPES = YES;
				CLANG_WARN_SUSPICIOUS_MOVE = YES;
				CLANG_WARN_UNGUARDED_AVAILABILITY = YES_AGGRESSIVE;
				CLANG_WARN_UNREACHABLE_CODE = YES;
				CLANG_WARN__DUPLICATE_METHOD_MATCH = YES;
				CODE_SIGN_IDENTITY = "-";
				COPY_PHASE_STRIP = NO;
				DEBUG_INFORMATION_FORMAT = dwarf;
				ENABLE_STRICT_OBJC_MSGSEND = YES;
				ENABLE_TESTABILITY = YES;
				GCC_C_LANGUAGE_STANDARD = gnu11;
				GCC_DYNAMIC_NO_PIC = NO;
				GCC_NO_COMMON_BLOCKS = YES;
				GCC_OPTIMIZATION_LEVEL = 0;
				GCC_PREPROCESSOR_DEFINITIONS = (
					"DEBUG=1",
					"$(inherited)",
				);
				GCC_WARN_64_TO_32_BIT_CONVERSION = YES;
				GCC_WARN_ABOUT_RETURN_TYPE = YES_ERROR;
				GCC_WARN_UNDECLARED_SELECTOR = YES;
				GCC_WARN_UNINITIALIZED_AUTOS = YES_AGGRESSIVE;
				GCC_WARN_UNUSED_FUNCTION = YES;
				GCC_WARN_UNUSED_VARIABLE = YES;
				MACOSX_DEPLOYMENT_TARGET = 10.13;
				MTL_ENABLE_DEBUG_INFO = INCLUDE_SOURCE;
				ONLY_ACTIVE_ARCH = YES;
				SDKROOT = macosx;
				SWIFT_ACTIVE_COMPILATION_CONDITIONS = DEBUG;
				SWIFT_OPTIMIZATION_LEVEL = "-Onone";
			};
			name = Debug;
		};
		65D8EA9520E9B93A00C47475 /* Release */ = {
			isa = XCBuildConfiguration;
			buildSettings = {
				ALWAYS_SEARCH_USER_PATHS = NO;
				CLANG_ANALYZER_NONNULL = YES;
				CLANG_ANALYZER_NUMBER_OBJECT_CONVERSION = YES_AGGRESSIVE;
				CLANG_CXX_LANGUAGE_STANDARD = "gnu++14";
				CLANG_CXX_LIBRARY = "libc++";
				CLANG_ENABLE_MODULES = YES;
				CLANG_ENABLE_OBJC_ARC = YES;
				CLANG_ENABLE_OBJC_WEAK = YES;
				CLANG_WARN_BLOCK_CAPTURE_AUTORELEASING = YES;
				CLANG_WARN_BOOL_CONVERSION = YES;
				CLANG_WARN_COMMA = YES;
				CLANG_WARN_CONSTANT_CONVERSION = YES;
				CLANG_WARN_DEPRECATED_OBJC_IMPLEMENTATIONS = YES;
				CLANG_WARN_DIRECT_OBJC_ISA_USAGE = YES_ERROR;
				CLANG_WARN_DOCUMENTATION_COMMENTS = YES;
				CLANG_WARN_EMPTY_BODY = YES;
				CLANG_WARN_ENUM_CONVERSION = YES;
				CLANG_WARN_INFINITE_RECURSION = YES;
				CLANG_WARN_INT_CONVERSION = YES;
				CLANG_WARN_NON_LITERAL_NULL_CONVERSION = YES;
				CLANG_WARN_OBJC_IMPLICIT_RETAIN_SELF = YES;
				CLANG_WARN_OBJC_LITERAL_CONVERSION = YES;
				CLANG_WARN_OBJC_ROOT_CLASS = YES_ERROR;
				CLANG_WARN_RANGE_LOOP_ANALYSIS = YES;
				CLANG_WARN_STRICT_PROTOTYPES = YES;
				CLANG_WARN_SUSPICIOUS_MOVE = YES;
				CLANG_WARN_UNGUARDED_AVAILABILITY = YES_AGGRESSIVE;
				CLANG_WARN_UNREACHABLE_CODE = YES;
				CLANG_WARN__DUPLICATE_METHOD_MATCH = YES;
				CODE_SIGN_IDENTITY = "-";
				COPY_PHASE_STRIP = NO;
				DEBUG_INFORMATION_FORMAT = "dwarf-with-dsym";
				ENABLE_NS_ASSERTIONS = NO;
				ENABLE_STRICT_OBJC_MSGSEND = YES;
				GCC_C_LANGUAGE_STANDARD = gnu11;
				GCC_NO_COMMON_BLOCKS = YES;
				GCC_WARN_64_TO_32_BIT_CONVERSION = YES;
				GCC_WARN_ABOUT_RETURN_TYPE = YES_ERROR;
				GCC_WARN_UNDECLARED_SELECTOR = YES;
				GCC_WARN_UNINITIALIZED_AUTOS = YES_AGGRESSIVE;
				GCC_WARN_UNUSED_FUNCTION = YES;
				GCC_WARN_UNUSED_VARIABLE = YES;
				MACOSX_DEPLOYMENT_TARGET = 10.13;
				MTL_ENABLE_DEBUG_INFO = NO;
				SDKROOT = macosx;
				SWIFT_COMPILATION_MODE = wholemodule;
				SWIFT_OPTIMIZATION_LEVEL = "-O";
			};
			name = Release;
		};
		65D8EA9720E9B93A00C47475 /* Debug */ = {
			isa = XCBuildConfiguration;
			buildSettings = {
				ASSETCATALOG_COMPILER_APPICON_NAME = AppIcon;
				CODE_SIGN_STYLE = Automatic;
				COMBINE_HIDPI_IMAGES = YES;
				INFOPLIST_FILE = "mpv-Drag-and-Drop/Info.plist";
				LD_RUNPATH_SEARCH_PATHS = (
					"$(inherited)",
					"@executable_path/../Frameworks",
				);
				PRODUCT_BUNDLE_IDENTIFIER = "ga.dxxs.www.mpv-Drag-and-Drop";
				PRODUCT_NAME = "$(TARGET_NAME)";
				SWIFT_VERSION = 4.2;
			};
			name = Debug;
		};
		65D8EA9820E9B93A00C47475 /* Release */ = {
			isa = XCBuildConfiguration;
			buildSettings = {
				ASSETCATALOG_COMPILER_APPICON_NAME = AppIcon;
				CODE_SIGN_STYLE = Automatic;
				COMBINE_HIDPI_IMAGES = YES;
				INFOPLIST_FILE = "mpv-Drag-and-Drop/Info.plist";
				LD_RUNPATH_SEARCH_PATHS = (
					"$(inherited)",
					"@executable_path/../Frameworks",
				);
				PRODUCT_BUNDLE_IDENTIFIER = "ga.dxxs.www.mpv-Drag-and-Drop";
				PRODUCT_NAME = "$(TARGET_NAME)";
				SWIFT_VERSION = 4.2;
			};
			name = Release;
		};
/* End XCBuildConfiguration section */

/* Begin XCConfigurationList section */
		65D8EA8120E9B93900C47475 /* Build configuration list for PBXProject "mpv-Drag-and-Drop" */ = {
			isa = XCConfigurationList;
			buildConfigurations = (
				65D8EA9420E9B93A00C47475 /* Debug */,
				65D8EA9520E9B93A00C47475 /* Release */,
			);
			defaultConfigurationIsVisible = 0;
			defaultConfigurationName = Release;
		};
		65D8EA9620E9B93A00C47475 /* Build configuration list for PBXNativeTarget "mpv-Drag-and-Drop" */ = {
			isa = XCConfigurationList;
			buildConfigurations = (
				65D8EA9720E9B93A00C47475 /* Debug */,
				65D8EA9820E9B93A00C47475 /* Release */,
			);
			defaultConfigurationIsVisible = 0;
			defaultConfigurationName = Release;
		};
/* End XCConfigurationList section */
	};
	rootObject = 65D8EA7E20E9B93900C47475 /* Project object */;
}
